
Microsoft Visual Studio Solution File, Format Version 12.00
# Visual Studio Version 17
VisualStudioVersion = 17.5.002.0
MinimumVisualStudioVersion = 10.0.40219.1
Project("{9A19103F-16F7-4668-BE54-9A1E7A4F7556}") = "FirstLessons", "FirstLessons.csproj", "{51791FCF-BEDD-4989-BC72-ADC0FF573745}"
EndProject
Global
	GlobalSection(SolutionConfigurationPlatforms) = preSolution
		Debug|Any CPU = Debug|Any CPU
		Release|Any CPU = Release|Any CPU
	EndGlobalSection
	GlobalSection(ProjectConfigurationPlatforms) = postSolution
		{51791FCF-BEDD-4989-BC72-ADC0FF573745}.Debug|Any CPU.ActiveCfg = Debug|Any CPU
		{51791FCF-BEDD-4989-BC72-ADC0FF573745}.Debug|Any CPU.Build.0 = Debug|Any CPU
		{51791FCF-BEDD-4989-BC72-ADC0FF573745}.Release|Any CPU.ActiveCfg = Release|Any CPU
		{51791FCF-BEDD-4989-BC72-ADC0FF573745}.Release|Any CPU.Build.0 = Release|Any CPU
	EndGlobalSection
	GlobalSection(SolutionProperties) = preSolution
		HideSolutionNode = FALSE
	EndGlobalSection
	GlobalSection(ExtensibilityGlobals) = postSolution
		SolutionGuid = {BBDB70BB-FA0E-4641-93D2-E0DE81B2EA78}
	EndGlobalSection
EndGlobal
